// !$*UTF8*$!
{
	archiveVersion = 1;
	classes = {
	};
	objectVersion = 56;
	objects = {

/* Begin PBXBuildFile section */
		940BE0B92E1494F600DC7316 /* GroceryListView.swift in Sources */ = {isa = PBXBuildFile; fileRef = B0E915D62E0372460036C7A9 /* GroceryListView.swift */; };
		940BE0BA2E1494F900DC7316 /* ExploreView.swift in Sources */ = {isa = PBXBuildFile; fileRef = B0E915D42E0372460036C7A9 /* ExploreView.swift */; };
		940BE0BB2E1494FD00DC7316 /* ExploreSections.swift in Sources */ = {isa = PBXBuildFile; fileRef = B0E915D82E0372460036C7A9 /* ExploreSections.swift */; };
		944E8F092E1DB40C00BB97F5 /* InventoryData.swift in Sources */ = {isa = PBXBuildFile; fileRef = 944E8F032E1DB40C00BB97F5 /* InventoryData.swift */; };
		944E8F0A2E1DB40C00BB97F5 /* SuggestionEngine.swift in Sources */ = {isa = PBXBuildFile; fileRef = 944E8F082E1DB40C00BB97F5 /* SuggestionEngine.swift */; };
		944E8F0B2E1DB40C00BB97F5 /* SharedListManager.swift in Sources */ = {isa = PBXBuildFile; fileRef = 944E8F072E1DB40C00BB97F5 /* SharedListManager.swift */; };
		944E8F0C2E1DB40C00BB97F5 /* PantryManager.swift in Sources */ = {isa = PBXBuildFile; fileRef = 944E8F042E1DB40C00BB97F5 /* PantryManager.swift */; };
		944E8F0D2E1DB40C00BB97F5 /* BudgetManager.swift in Sources */ = {isa = PBXBuildFile; fileRef = 944E8F022E1DB40C00BB97F5 /* BudgetManager.swift */; };
		944E8F0E2E1DB40C00BB97F5 /* Preview Assets.xcassets in Resources */ = {isa = PBXBuildFile; fileRef = 944E8F052E1DB40C00BB97F5 /* Preview Assets.xcassets */; };
		94F8C4452E18C8E2005A09D9 /* FlyToCartAnimationManager.swift in Sources */ = {isa = PBXBuildFile; fileRef = 94F8C4442E18C8E2005A09D9 /* FlyToCartAnimationManager.swift */; };
		94F8C4472E18C8EA005A09D9 /* FlyToCartOverlay.swift in Sources */ = {isa = PBXBuildFile; fileRef = 94F8C4462E18C8EA005A09D9 /* FlyToCartOverlay.swift */; };
		94F8C4482E18C9AE005A09D9 /* MealPlanManager.swift in Sources */ = {isa = PBXBuildFile; fileRef = B0E915FA2E0372460036C7AA /* MealPlanManager.swift */; };
		94F8C4492E18C9E3005A09D9 /* MealPlanningView.swift in Sources */ = {isa = PBXBuildFile; fileRef = B0E915FC2E0372460036C7AA /* MealPlanningView.swift */; };
		94F8C44A2E18C9E6005A09D9 /* SmartSubstitutionManager.swift in Sources */ = {isa = PBXBuildFile; fileRef = B0E915FE2E0372460036C7AA /* SmartSubstitutionManager.swift */; };
		94F8C44B2E18C9EA005A09D9 /* SmartSubstitutionsView.swift in Sources */ = {isa = PBXBuildFile; fileRef = B0E916002E0372460036C7AA /* SmartSubstitutionsView.swift */; };
		94F8C44C2E18C9ED005A09D9 /* ShoppingHistoryView.swift in Sources */ = {isa = PBXBuildFile; fileRef = B0E916022E0372460036C7AA /* ShoppingHistoryView.swift */; };
		94F8C44D2E18C9F0005A09D9 /* DietaryGoalsView.swift in Sources */ = {isa = PBXBuildFile; fileRef = B0E916042E0372460036C7AA /* DietaryGoalsView.swift */; };
		B0D283712E03D7F200C28B2C /* GroceryList.swift in Sources */ = {isa = PBXBuildFile; fileRef = B0D283702E03D7F200C28B2C /* GroceryList.swift */; };
		B0D283752E03DAD100C28B2C /* ApiKeyManager.swift in Sources */ = {isa = PBXBuildFile; fileRef = B0D283742E03DAD100C28B2C /* ApiKeyManager.swift */; };
		B0E915962E00AC7C0036C7A9 /* LumoApp.swift in Sources */ = {isa = PBXBuildFile; fileRef = B0E915952E00AC7C0036C7A9 /* LumoApp.swift */; };
		B0E915982E00AC7C0036C7A9 /* ContentView.swift in Sources */ = {isa = PBXBuildFile; fileRef = B0E915972E00AC7C0036C7A9 /* ContentView.swift */; };
		B0E9159A2E00AC7D0036C7A9 /* Assets.xcassets in Resources */ = {isa = PBXBuildFile; fileRef = B0E915992E00AC7D0036C7A9 /* Assets.xcassets */; };
		B0E9159E2E00AC7D0036C7A9 /* Preview Assets.xcassets in Resources */ = {isa = PBXBuildFile; fileRef = B0E9159D2E00AC7D0036C7A9 /* Preview Assets.xcassets */; };
		B0E915A82E00AC7D0036C7A9 /* LumoTests.swift in Sources */ = {isa = PBXBuildFile; fileRef = B0E915A72E00AC7D0036C7A9 /* LumoTests.swift */; };
		B0E915B22E00AC7D0036C7A9 /* LumoUITests.swift in Sources */ = {isa = PBXBuildFile; fileRef = B0E915B12E00AC7D0036C7A9 /* LumoUITests.swift */; };
		B0E915B42E00AC7D0036C7A9 /* LumoUITestsLaunchTests.swift in Sources */ = {isa = PBXBuildFile; fileRef = B0E915B32E00AC7D0036C7A9 /* LumoUITestsLaunchTests.swift */; };
		B0E915C32E00B7F80036C7A9 /* StoreFinder.swift in Sources */ = {isa = PBXBuildFile; fileRef = B0E915C22E00B7F80036C7A9 /* StoreFinder.swift */; };
		B0E915C52E00BA300036C7A9 /* TabView.swift in Sources */ = {isa = PBXBuildFile; fileRef = B0E915C42E00BA300036C7A9 /* TabView.swift */; };
		B0E915C72E00C0450036C7A9 /* StoreData.swift in Sources */ = {isa = PBXBuildFile; fileRef = B0E915C62E00C0440036C7A9 /* StoreData.swift */; };
		B0E915C92E00C0D60036C7A9 /* StoreSelection.swift in Sources */ = {isa = PBXBuildFile; fileRef = B0E915C82E00C0D60036C7A9 /* StoreSelection.swift */; };
		B0E915CB2E03182E0036C7A9 /* StoreMap.swift in Sources */ = {isa = PBXBuildFile; fileRef = B0E915CA2E03182E0036C7A9 /* StoreMap.swift */; };
		B0E915CD2E0349A30036C7A9 /* AppState.swift in Sources */ = {isa = PBXBuildFile; fileRef = B0E915CC2E0349A30036C7A9 /* AppState.swift */; };
		B0E915CF2E035F770036C7A9 /* Root.swift in Sources */ = {isa = PBXBuildFile; fileRef = B0E915CE2E035F770036C7A9 /* Root.swift */; };
		B0E915D12E0369E50036C7A9 /* Browse.swift in Sources */ = {isa = PBXBuildFile; fileRef = B0E915D02E0369E50036C7A9 /* Browse.swift */; };
		B0E915D32E0372460036C7A9 /* GroceryItems.swift in Sources */ = {isa = PBXBuildFile; fileRef = B0E915D22E0372460036C7A9 /* GroceryItems.swift */; };
		B0E915DA2E0372460036C7A9 /* ItemDetailView.swift in Sources */ = {isa = PBXBuildFile; fileRef = B0E915D92E0372460036C7A9 /* ItemDetailView.swift */; };
		B0E915DB2E0372460036C7A9 /* ProfileView.swift in Sources */ = {isa = PBXBuildFile; fileRef = B0E915DC2E0372460036C7A9 /* ProfileView.swift */; };
		B0E915DD2E0372460036C7A9 /* DealsView.swift in Sources */ = {isa = PBXBuildFile; fileRef = B0E915DE2E0372460036C7A9 /* DealsView.swift */; };
		B0E915DF2E0372460036C7A9 /* DealFiltersView.swift in Sources */ = {isa = PBXBuildFile; fileRef = B0E915E02E0372460036C7A9 /* DealFiltersView.swift */; };
		B0E915E12E0372460036C7A9 /* DealDetailView.swift in Sources */ = {isa = PBXBuildFile; fileRef = B0E915E22E0372460036C7A9 /* DealDetailView.swift */; };
		B0E915E32E0372460036C7A9 /* CouponDetailView.swift in Sources */ = {isa = PBXBuildFile; fileRef = B0E915E42E0372460036C7A9 /* CouponDetailView.swift */; };
		B0E915E52E0372460036C7A9 /* DealsData.swift in Sources */ = {isa = PBXBuildFile; fileRef = B0E915E62E0372460036C7A9 /* DealsData.swift */; };
		B0E915E82E0372460036C7AA /* CategoryFilterButton.swift in Sources */ = {isa = PBXBuildFile; fileRef = B0E915E72E0372460036C7AA /* CategoryFilterButton.swift */; };
		B0E915E92E0372460036C7AA /* ChatbotView.swift in Sources */ = {isa = PBXBuildFile; fileRef = B0E915EA2E0372460036C7AA /* ChatbotView.swift */; };
		B0E915EB2E0372460036C7AA /* ChatMessage.swift in Sources */ = {isa = PBXBuildFile; fileRef = B0E915EC2E0372460036C7AA /* ChatMessage.swift */; };
		B0E915ED2E0372460036C7AA /* ChatbotEngine.swift in Sources */ = {isa = PBXBuildFile; fileRef = B0E915EE2E0372460036C7AA /* ChatbotEngine.swift */; };
		B0E915EF2E0372460036C7AA /* ChatResponseViews.swift in Sources */ = {isa = PBXBuildFile; fileRef = B0E915F02E0372460036C7AA /* ChatResponseViews.swift */; };
		B0E915F12E0372460036C7AA /* Recipe.swift in Sources */ = {isa = PBXBuildFile; fileRef = B0E915F22E0372460036C7AA /* Recipe.swift */; };
		B0E915F32E0372460036C7AA /* RecipeDatabase.swift in Sources */ = {isa = PBXBuildFile; fileRef = B0E915F42E0372460036C7AA /* RecipeDatabase.swift */; };
		B0E915F52E0372460036C7AA /* ChatbotTests.swift in Sources */ = {isa = PBXBuildFile; fileRef = B0E915F62E0372460036C7AA /* ChatbotTests.swift */; };
		B0E915F72E0372460036C7AA /* ChatbotUITests.swift in Sources */ = {isa = PBXBuildFile; fileRef = B0E915F82E0372460036C7AA /* ChatbotUITests.swift */; };
/* End PBXBuildFile section */

/* Begin PBXContainerItemProxy section */
		B0E915A42E00AC7D0036C7A9 /* PBXContainerItemProxy */ = {
			isa = PBXContainerItemProxy;
			containerPortal = B0E9158A2E00AC7C0036C7A9 /* Project object */;
			proxyType = 1;
			remoteGlobalIDString = B0E915912E00AC7C0036C7A9;
			remoteInfo = Lumo;
		};
		B0E915AE2E00AC7D0036C7A9 /* PBXContainerItemProxy */ = {
			isa = PBXContainerItemProxy;
			containerPortal = B0E9158A2E00AC7C0036C7A9 /* Project object */;
			proxyType = 1;
			remoteGlobalIDString = B0E915912E00AC7C0036C7A9;
			remoteInfo = Lumo;
		};
/* End PBXContainerItemProxy section */

/* Begin PBXFileReference section */
		944E8F022E1DB40C00BB97F5 /* BudgetManager.swift */ = {isa = PBXFileReference; lastKnownFileType = sourcecode.swift; path = BudgetManager.swift; sourceTree = "<group>"; };
		944E8F032E1DB40C00BB97F5 /* InventoryData.swift */ = {isa = PBXFileReference; lastKnownFileType = sourcecode.swift; path = InventoryData.swift; sourceTree = "<group>"; };
		944E8F042E1DB40C00BB97F5 /* PantryManager.swift */ = {isa = PBXFileReference; lastKnownFileType = sourcecode.swift; path = PantryManager.swift; sourceTree = "<group>"; };
		944E8F052E1DB40C00BB97F5 /* Preview Assets.xcassets */ = {isa = PBXFileReference; lastKnownFileType = folder.assetcatalog; path = "Preview Assets.xcassets"; sourceTree = "<group>"; };
		944E8F072E1DB40C00BB97F5 /* SharedListManager.swift */ = {isa = PBXFileReference; lastKnownFileType = sourcecode.swift; path = SharedListManager.swift; sourceTree = "<group>"; };
		944E8F082E1DB40C00BB97F5 /* SuggestionEngine.swift */ = {isa = PBXFileReference; lastKnownFileType = sourcecode.swift; path = SuggestionEngine.swift; sourceTree = "<group>"; };
		94F8C4442E18C8E2005A09D9 /* FlyToCartAnimationManager.swift */ = {isa = PBXFileReference; lastKnownFileType = sourcecode.swift; path = FlyToCartAnimationManager.swift; sourceTree = "<group>"; };
		94F8C4462E18C8EA005A09D9 /* FlyToCartOverlay.swift */ = {isa = PBXFileReference; lastKnownFileType = sourcecode.swift; path = FlyToCartOverlay.swift; sourceTree = "<group>"; };
		B0D283702E03D7F200C28B2C /* GroceryList.swift */ = {isa = PBXFileReference; lastKnownFileType = sourcecode.swift; path = GroceryList.swift; sourceTree = "<group>"; };
		B0D283742E03DAD100C28B2C /* ApiKeyManager.swift */ = {isa = PBXFileReference; lastKnownFileType = sourcecode.swift; path = ApiKeyManager.swift; sourceTree = "<group>"; };
		B0E915922E00AC7C0036C7A9 /* Lumo.app */ = {isa = PBXFileReference; explicitFileType = wrapper.application; includeInIndex = 0; path = Lumo.app; sourceTree = BUILT_PRODUCTS_DIR; };
		B0E915952E00AC7C0036C7A9 /* LumoApp.swift */ = {isa = PBXFileReference; lastKnownFileType = sourcecode.swift; path = LumoApp.swift; sourceTree = "<group>"; };
		B0E915972E00AC7C0036C7A9 /* ContentView.swift */ = {isa = PBXFileReference; lastKnownFileType = sourcecode.swift; path = ContentView.swift; sourceTree = "<group>"; };
		B0E915992E00AC7D0036C7A9 /* Assets.xcassets */ = {isa = PBXFileReference; lastKnownFileType = folder.assetcatalog; path = Assets.xcassets; sourceTree = "<group>"; };
		B0E9159B2E00AC7D0036C7A9 /* Lumo.entitlements */ = {isa = PBXFileReference; lastKnownFileType = text.plist.entitlements; path = Lumo.entitlements; sourceTree = "<group>"; };
		B0E9159D2E00AC7D0036C7A9 /* Preview Assets.xcassets */ = {isa = PBXFileReference; lastKnownFileType = folder.assetcatalog; path = "Preview Assets.xcassets"; sourceTree = "<group>"; };
		B0E915A32E00AC7D0036C7A9 /* LumoTests.xctest */ = {isa = PBXFileReference; explicitFileType = wrapper.cfbundle; includeInIndex = 0; path = LumoTests.xctest; sourceTree = BUILT_PRODUCTS_DIR; };
		B0E915A72E00AC7D0036C7A9 /* LumoTests.swift */ = {isa = PBXFileReference; lastKnownFileType = sourcecode.swift; path = LumoTests.swift; sourceTree = "<group>"; };
		B0E915AD2E00AC7D0036C7A9 /* LumoUITests.xctest */ = {isa = PBXFileReference; explicitFileType = wrapper.cfbundle; includeInIndex = 0; path = LumoUITests.xctest; sourceTree = BUILT_PRODUCTS_DIR; };
		B0E915B12E00AC7D0036C7A9 /* LumoUITests.swift */ = {isa = PBXFileReference; lastKnownFileType = sourcecode.swift; path = LumoUITests.swift; sourceTree = "<group>"; };
		B0E915B32E00AC7D0036C7A9 /* LumoUITestsLaunchTests.swift */ = {isa = PBXFileReference; lastKnownFileType = sourcecode.swift; path = LumoUITestsLaunchTests.swift; sourceTree = "<group>"; };
		B0E915C22E00B7F80036C7A9 /* StoreFinder.swift */ = {isa = PBXFileReference; lastKnownFileType = sourcecode.swift; path = StoreFinder.swift; sourceTree = "<group>"; };
		B0E915C42E00BA300036C7A9 /* TabView.swift */ = {isa = PBXFileReference; lastKnownFileType = sourcecode.swift; path = TabView.swift; sourceTree = "<group>"; };
		B0E915C62E00C0440036C7A9 /* StoreData.swift */ = {isa = PBXFileReference; lastKnownFileType = sourcecode.swift; path = StoreData.swift; sourceTree = "<group>"; };
		B0E915C82E00C0D60036C7A9 /* StoreSelection.swift */ = {isa = PBXFileReference; lastKnownFileType = sourcecode.swift; path = StoreSelection.swift; sourceTree = "<group>"; };
		B0E915CA2E03182E0036C7A9 /* StoreMap.swift */ = {isa = PBXFileReference; lastKnownFileType = sourcecode.swift; path = StoreMap.swift; sourceTree = "<group>"; };
		B0E915CC2E0349A30036C7A9 /* AppState.swift */ = {isa = PBXFileReference; lastKnownFileType = sourcecode.swift; path = AppState.swift; sourceTree = "<group>"; };
		B0E915CE2E035F770036C7A9 /* Root.swift */ = {isa = PBXFileReference; lastKnownFileType = sourcecode.swift; path = Root.swift; sourceTree = "<group>"; };
		B0E915D02E0369E50036C7A9 /* Browse.swift */ = {isa = PBXFileReference; lastKnownFileType = sourcecode.swift; path = Browse.swift; sourceTree = "<group>"; };
		B0E915D22E0372460036C7A9 /* GroceryItems.swift */ = {isa = PBXFileReference; lastKnownFileType = sourcecode.swift; path = GroceryItems.swift; sourceTree = "<group>"; };
		B0E915D42E0372460036C7A9 /* ExploreView.swift */ = {isa = PBXFileReference; lastKnownFileType = sourcecode.swift; path = ExploreView.swift; sourceTree = "<group>"; };
		B0E915D62E0372460036C7A9 /* GroceryListView.swift */ = {isa = PBXFileReference; lastKnownFileType = sourcecode.swift; path = GroceryListView.swift; sourceTree = "<group>"; };
		B0E915D82E0372460036C7A9 /* ExploreSections.swift */ = {isa = PBXFileReference; lastKnownFileType = sourcecode.swift; path = ExploreSections.swift; sourceTree = "<group>"; };
		B0E915D92E0372460036C7A9 /* ItemDetailView.swift */ = {isa = PBXFileReference; lastKnownFileType = sourcecode.swift; path = ItemDetailView.swift; sourceTree = "<group>"; };
		B0E915DC2E0372460036C7A9 /* ProfileView.swift */ = {isa = PBXFileReference; lastKnownFileType = sourcecode.swift; path = ProfileView.swift; sourceTree = "<group>"; };
		B0E915DE2E0372460036C7A9 /* DealsView.swift */ = {isa = PBXFileReference; lastKnownFileType = sourcecode.swift; path = DealsView.swift; sourceTree = "<group>"; };
		B0E915E02E0372460036C7A9 /* DealFiltersView.swift */ = {isa = PBXFileReference; lastKnownFileType = sourcecode.swift; path = DealFiltersView.swift; sourceTree = "<group>"; };
		B0E915E22E0372460036C7A9 /* DealDetailView.swift */ = {isa = PBXFileReference; lastKnownFileType = sourcecode.swift; path = DealDetailView.swift; sourceTree = "<group>"; };
		B0E915E42E0372460036C7A9 /* CouponDetailView.swift */ = {isa = PBXFileReference; lastKnownFileType = sourcecode.swift; path = CouponDetailView.swift; sourceTree = "<group>"; };
		B0E915E62E0372460036C7A9 /* DealsData.swift */ = {isa = PBXFileReference; lastKnownFileType = sourcecode.swift; path = DealsData.swift; sourceTree = "<group>"; };
		B0E915E72E0372460036C7AA /* CategoryFilterButton.swift */ = {isa = PBXFileReference; lastKnownFileType = sourcecode.swift; path = CategoryFilterButton.swift; sourceTree = "<group>"; };
		B0E915EA2E0372460036C7AA /* ChatbotView.swift */ = {isa = PBXFileReference; lastKnownFileType = sourcecode.swift; path = ChatbotView.swift; sourceTree = "<group>"; };
		B0E915EC2E0372460036C7AA /* ChatMessage.swift */ = {isa = PBXFileReference; lastKnownFileType = sourcecode.swift; path = ChatMessage.swift; sourceTree = "<group>"; };
		B0E915EE2E0372460036C7AA /* ChatbotEngine.swift */ = {isa = PBXFileReference; lastKnownFileType = sourcecode.swift; path = ChatbotEngine.swift; sourceTree = "<group>"; };
		B0E915F02E0372460036C7AA /* ChatResponseViews.swift */ = {isa = PBXFileReference; lastKnownFileType = sourcecode.swift; path = ChatResponseViews.swift; sourceTree = "<group>"; };
		B0E915F22E0372460036C7AA /* Recipe.swift */ = {isa = PBXFileReference; lastKnownFileType = sourcecode.swift; path = Recipe.swift; sourceTree = "<group>"; };
		B0E915F42E0372460036C7AA /* RecipeDatabase.swift */ = {isa = PBXFileReference; lastKnownFileType = sourcecode.swift; path = RecipeDatabase.swift; sourceTree = "<group>"; };
		B0E915F62E0372460036C7AA /* ChatbotTests.swift */ = {isa = PBXFileReference; lastKnownFileType = sourcecode.swift; path = ChatbotTests.swift; sourceTree = "<group>"; };
		B0E915F82E0372460036C7AA /* ChatbotUITests.swift */ = {isa = PBXFileReference; lastKnownFileType = sourcecode.swift; path = ChatbotUITests.swift; sourceTree = "<group>"; };
		B0E915FA2E0372460036C7AA /* MealPlanManager.swift */ = {isa = PBXFileReference; lastKnownFileType = sourcecode.swift; path = MealPlanManager.swift; sourceTree = "<group>"; };
		B0E915FC2E0372460036C7AA /* MealPlanningView.swift */ = {isa = PBXFileReference; lastKnownFileType = sourcecode.swift; path = MealPlanningView.swift; sourceTree = "<group>"; };
		B0E915FE2E0372460036C7AA /* SmartSubstitutionManager.swift */ = {isa = PBXFileReference; lastKnownFileType = sourcecode.swift; path = SmartSubstitutionManager.swift; sourceTree = "<group>"; };
		B0E916002E0372460036C7AA /* SmartSubstitutionsView.swift */ = {isa = PBXFileReference; lastKnownFileType = sourcecode.swift; path = SmartSubstitutionsView.swift; sourceTree = "<group>"; };
		B0E916022E0372460036C7AA /* ShoppingHistoryView.swift */ = {isa = PBXFileReference; lastKnownFileType = sourcecode.swift; path = ShoppingHistoryView.swift; sourceTree = "<group>"; };
		B0E916042E0372460036C7AA /* DietaryGoalsView.swift */ = {isa = PBXFileReference; lastKnownFileType = sourcecode.swift; path = DietaryGoalsView.swift; sourceTree = "<group>"; };
/* End PBXFileReference section */

/* Begin PBXFrameworksBuildPhase section */
		B0E9158F2E00AC7C0036C7A9 /* Frameworks */ = {
			isa = PBXFrameworksBuildPhase;
			buildActionMask = 2147483647;
			files = (
			);
			runOnlyForDeploymentPostprocessing = 0;
		};
		B0E915A02E00AC7D0036C7A9 /* Frameworks */ = {
			isa = PBXFrameworksBuildPhase;
			buildActionMask = 2147483647;
			files = (
			);
			runOnlyForDeploymentPostprocessing = 0;
		};
		B0E915AA2E00AC7D0036C7A9 /* Frameworks */ = {
			isa = PBXFrameworksBuildPhase;
			buildActionMask = 2147483647;
			files = (
			);
			runOnlyForDeploymentPostprocessing = 0;
		};
/* End PBXFrameworksBuildPhase section */

/* Begin PBXGroup section */
		944E8F062E1DB40C00BB97F5 /* Preview Content */ = {
			isa = PBXGroup;
			children = (
				944E8F052E1DB40C00BB97F5 /* Preview Assets.xcassets */,
			);
			path = "Preview Content";
			sourceTree = "<group>";
		};
		B0E915892E00AC7C0036C7A9 = {
			isa = PBXGroup;
			children = (
				B0E915942E00AC7C0036C7A9 /* Lumo */,
				B0E915A62E00AC7D0036C7A9 /* LumoTests */,
				B0E915B02E00AC7D0036C7A9 /* LumoUITests */,
				B0E915932E00AC7C0036C7A9 /* Products */,
			);
			sourceTree = "<group>";
		};
		B0E915932E00AC7C0036C7A9 /* Products */ = {
			isa = PBXGroup;
			children = (
				B0E915922E00AC7C0036C7A9 /* Lumo.app */,
				B0E915A32E00AC7D0036C7A9 /* LumoTests.xctest */,
				B0E915AD2E00AC7D0036C7A9 /* LumoUITests.xctest */,
			);
			name = Products;
			sourceTree = "<group>";
		};
		B0E915942E00AC7C0036C7A9 /* Lumo */ = {
			isa = PBXGroup;
			children = (
				944E8F022E1DB40C00BB97F5 /* BudgetManager.swift */,
				944E8F032E1DB40C00BB97F5 /* InventoryData.swift */,
				944E8F042E1DB40C00BB97F5 /* PantryManager.swift */,
				944E8F062E1DB40C00BB97F5 /* Preview Content */,
				944E8F072E1DB40C00BB97F5 /* SharedListManager.swift */,
				944E8F082E1DB40C00BB97F5 /* SuggestionEngine.swift */,
				94F8C4462E18C8EA005A09D9 /* FlyToCartOverlay.swift */,
				94F8C4442E18C8E2005A09D9 /* FlyToCartAnimationManager.swift */,
				B0E915952E00AC7C0036C7A9 /* LumoApp.swift */,
				B0E915972E00AC7C0036C7A9 /* ContentView.swift */,
				B0E915C62E00C0440036C7A9 /* StoreData.swift */,
				B0E915CC2E0349A30036C7A9 /* AppState.swift */,
				B0E915CE2E035F770036C7A9 /* Root.swift */,
				B0E915C22E00B7F80036C7A9 /* StoreFinder.swift */,
				B0E915D02E0369E50036C7A9 /* Browse.swift */,
				B0D283702E03D7F200C28B2C /* GroceryList.swift */,
				B0E915D62E0372460036C7A9 /* GroceryListView.swift */,
				B0E915C82E00C0D60036C7A9 /* StoreSelection.swift */,
				B0D283742E03DAD100C28B2C /* ApiKeyManager.swift */,
				B0E915C42E00BA300036C7A9 /* TabView.swift */,
				B0E915D42E0372460036C7A9 /* ExploreView.swift */,
				B0E915D82E0372460036C7A9 /* ExploreSections.swift */,
				B0E915D92E0372460036C7A9 /* ItemDetailView.swift */,
				B0E915DC2E0372460036C7A9 /* ProfileView.swift */,
				B0E915DE2E0372460036C7A9 /* DealsView.swift */,
				B0E915E02E0372460036C7A9 /* DealFiltersView.swift */,
				B0E915E22E0372460036C7A9 /* DealDetailView.swift */,
				B0E915E42E0372460036C7A9 /* CouponDetailView.swift */,
				B0E915E62E0372460036C7A9 /* DealsData.swift */,
				B0E915EA2E0372460036C7AA /* ChatbotView.swift */,
				B0E915EC2E0372460036C7AA /* ChatMessage.swift */,
				B0E915EE2E0372460036C7AA /* ChatbotEngine.swift */,
				B0E915F02E0372460036C7AA /* ChatResponseViews.swift */,
				B0E915F22E0372460036C7AA /* Recipe.swift */,
				B0E915F42E0372460036C7AA /* RecipeDatabase.swift */,
				B0E915FA2E0372460036C7AA /* MealPlanManager.swift */,
				B0E915FC2E0372460036C7AA /* MealPlanningView.swift */,
				B0E915FE2E0372460036C7AA /* SmartSubstitutionManager.swift */,
				B0E916002E0372460036C7AA /* SmartSubstitutionsView.swift */,
				B0E916022E0372460036C7AA /* ShoppingHistoryView.swift */,
				B0E916042E0372460036C7AA /* DietaryGoalsView.swift */,
				B0E915992E00AC7D0036C7A9 /* Assets.xcassets */,
				B0E915D22E0372460036C7A9 /* GroceryItems.swift */,
				B0E915CA2E03182E0036C7A9 /* StoreMap.swift */,
				B0E9159B2E00AC7D0036C7A9 /* Lumo.entitlements */,
				B0E9159C2E00AC7D0036C7A9 /* Preview Content */,
				B0E915E72E0372460036C7AA /* CategoryFilterButton.swift */,
			);
			path = Lumo;
			sourceTree = "<group>";
		};
		B0E9159C2E00AC7D0036C7A9 /* Preview Content */ = {
			isa = PBXGroup;
			children = (
				B0E9159D2E00AC7D0036C7A9 /* Preview Assets.xcassets */,
			);
			path = "Preview Content";
			sourceTree = "<group>";
		};
		B0E915A62E00AC7D0036C7A9 /* LumoTests */ = {
			isa = PBXGroup;
			children = (
				B0E915A72E00AC7D0036C7A9 /* LumoTests.swift */,
				B0E915F62E0372460036C7AA /* ChatbotTests.swift */,
			);
			path = LumoTests;
			sourceTree = "<group>";
		};
		B0E915B02E00AC7D0036C7A9 /* LumoUITests */ = {
			isa = PBXGroup;
			children = (
				B0E915B12E00AC7D0036C7A9 /* LumoUITests.swift */,
				B0E915F82E0372460036C7AA /* ChatbotUITests.swift */,
				B0E915B32E00AC7D0036C7A9 /* LumoUITestsLaunchTests.swift */,
			);
			path = LumoUITests;
			sourceTree = "<group>";
		};
/* End PBXGroup section */

/* Begin PBXNativeTarget section */
		B0E915912E00AC7C0036C7A9 /* Lumo */ = {
			isa = PBXNativeTarget;
			buildConfigurationList = B0E915B72E00AC7D0036C7A9 /* Build configuration list for PBXNativeTarget "Lumo" */;
			buildPhases = (
				B0E9158E2E00AC7C0036C7A9 /* Sources */,
				B0E9158F2E00AC7C0036C7A9 /* Frameworks */,
				B0E915902E00AC7C0036C7A9 /* Resources */,
			);
			buildRules = (
			);
			dependencies = (
			);
			name = Lumo;
			productName = Lumo;
			productReference = B0E915922E00AC7C0036C7A9 /* Lumo.app */;
			productType = "com.apple.product-type.application";
		};
		B0E915A22E00AC7D0036C7A9 /* LumoTests */ = {
			isa = PBXNativeTarget;
			buildConfigurationList = B0E915BA2E00AC7D0036C7A9 /* Build configuration list for PBXNativeTarget "LumoTests" */;
			buildPhases = (
				B0E9159F2E00AC7D0036C7A9 /* Sources */,
				B0E915A02E00AC7D0036C7A9 /* Frameworks */,
				B0E915A12E00AC7D0036C7A9 /* Resources */,
			);
			buildRules = (
			);
			dependencies = (
				B0E915A52E00AC7D0036C7A9 /* PBXTargetDependency */,
			);
			name = LumoTests;
			productName = LumoTests;
			productReference = B0E915A32E00AC7D0036C7A9 /* LumoTests.xctest */;
			productType = "com.apple.product-type.bundle.unit-test";
		};
		B0E915AC2E00AC7D0036C7A9 /* LumoUITests */ = {
			isa = PBXNativeTarget;
			buildConfigurationList = B0E915BD2E00AC7D0036C7A9 /* Build configuration list for PBXNativeTarget "LumoUITests" */;
			buildPhases = (
				B0E915A92E00AC7D0036C7A9 /* Sources */,
				B0E915AA2E00AC7D0036C7A9 /* Frameworks */,
				B0E915AB2E00AC7D0036C7A9 /* Resources */,
			);
			buildRules = (
			);
			dependencies = (
				B0E915AF2E00AC7D0036C7A9 /* PBXTargetDependency */,
			);
			name = LumoUITests;
			productName = LumoUITests;
			productReference = B0E915AD2E00AC7D0036C7A9 /* LumoUITests.xctest */;
			productType = "com.apple.product-type.bundle.ui-testing";
		};
/* End PBXNativeTarget section */

/* Begin PBXProject section */
		B0E9158A2E00AC7C0036C7A9 /* Project object */ = {
			isa = PBXProject;
			attributes = {
				BuildIndependentTargetsInParallel = 1;
				LastSwiftUpdateCheck = 1540;
				LastUpgradeCheck = 1540;
				TargetAttributes = {
					B0E915912E00AC7C0036C7A9 = {
						CreatedOnToolsVersion = 15.4;
					};
					B0E915A22E00AC7D0036C7A9 = {
						CreatedOnToolsVersion = 15.4;
						TestTargetID = B0E915912E00AC7C0036C7A9;
					};
					B0E915AC2E00AC7D0036C7A9 = {
						CreatedOnToolsVersion = 15.4;
						TestTargetID = B0E915912E00AC7C0036C7A9;
					};
				};
			};
			buildConfigurationList = B0E9158D2E00AC7C0036C7A9 /* Build configuration list for PBXProject "Lumo" */;
			compatibilityVersion = "Xcode 14.0";
			developmentRegion = en;
			hasScannedForEncodings = 0;
			knownRegions = (
				en,
				Base,
			);
			mainGroup = B0E915892E00AC7C0036C7A9;
			productRefGroup = B0E915932E00AC7C0036C7A9 /* Products */;
			projectDirPath = "";
			projectRoot = "";
			targets = (
				B0E915912E00AC7C0036C7A9 /* Lumo */,
				B0E915A22E00AC7D0036C7A9 /* LumoTests */,
				B0E915AC2E00AC7D0036C7A9 /* LumoUITests */,
			);
		};
/* End PBXProject section */

/* Begin PBXResourcesBuildPhase section */
		B0E915902E00AC7C0036C7A9 /* Resources */ = {
			isa = PBXResourcesBuildPhase;
			buildActionMask = 2147483647;
			files = (
				B0E9159E2E00AC7D0036C7A9 /* Preview Assets.xcassets in Resources */,
				944E8F0E2E1DB40C00BB97F5 /* Preview Assets.xcassets in Resources */,
				B0E9159A2E00AC7D0036C7A9 /* Assets.xcassets in Resources */,
			);
			runOnlyForDeploymentPostprocessing = 0;
		};
		B0E915A12E00AC7D0036C7A9 /* Resources */ = {
			isa = PBXResourcesBuildPhase;
			buildActionMask = 2147483647;
			files = (
			);
			runOnlyForDeploymentPostprocessing = 0;
		};
		B0E915AB2E00AC7D0036C7A9 /* Resources */ = {
			isa = PBXResourcesBuildPhase;
			buildActionMask = 2147483647;
			files = (
			);
			runOnlyForDeploymentPostprocessing = 0;
		};
/* End PBXResourcesBuildPhase section */

/* Begin PBXSourcesBuildPhase section */
		B0E9158E2E00AC7C0036C7A9 /* Sources */ = {
			isa = PBXSourcesBuildPhase;
			buildActionMask = 2147483647;
			files = (
				940BE0BB2E1494FD00DC7316 /* ExploreSections.swift in Sources */,
				940BE0BA2E1494F900DC7316 /* ExploreView.swift in Sources */,
				940BE0B92E1494F600DC7316 /* GroceryListView.swift in Sources */,
				B0E915CB2E03182E0036C7A9 /* StoreMap.swift in Sources */,
				B0E915982E00AC7C0036C7A9 /* ContentView.swift in Sources */,
				B0E915C72E00C0450036C7A9 /* StoreData.swift in Sources */,
				B0E915D12E0369E50036C7A9 /* Browse.swift in Sources */,
				B0E915CD2E0349A30036C7A9 /* AppState.swift in Sources */,
				94F8C4492E18C9E3005A09D9 /* MealPlanningView.swift in Sources */,
				B0E915962E00AC7C0036C7A9 /* LumoApp.swift in Sources */,
				B0E915CF2E035F770036C7A9 /* Root.swift in Sources */,
				94F8C44C2E18C9ED005A09D9 /* ShoppingHistoryView.swift in Sources */,
				B0D283712E03D7F200C28B2C /* GroceryList.swift in Sources */,
				94F8C4472E18C8EA005A09D9 /* FlyToCartOverlay.swift in Sources */,
				B0E915C52E00BA300036C7A9 /* TabView.swift in Sources */,
				B0D283752E03DAD100C28B2C /* ApiKeyManager.swift in Sources */,
				B0E915D32E0372460036C7A9 /* GroceryItems.swift in Sources */,
				B0E915C92E00C0D60036C7A9 /* StoreSelection.swift in Sources */,
				94F8C44D2E18C9F0005A09D9 /* DietaryGoalsView.swift in Sources */,
				94F8C4482E18C9AE005A09D9 /* MealPlanManager.swift in Sources */,
				B0E915C32E00B7F80036C7A9 /* StoreFinder.swift in Sources */,
				B0E915DA2E0372460036C7A9 /* ItemDetailView.swift in Sources */,
				94F8C44A2E18C9E6005A09D9 /* SmartSubstitutionManager.swift in Sources */,
				B0E915DB2E0372460036C7A9 /* ProfileView.swift in Sources */,
				B0E915DD2E0372460036C7A9 /* DealsView.swift in Sources */,
				B0E915DF2E0372460036C7A9 /* DealFiltersView.swift in Sources */,
				B0E915E12E0372460036C7A9 /* DealDetailView.swift in Sources */,
				B0E915E32E0372460036C7A9 /* CouponDetailView.swift in Sources */,
				B0E915E52E0372460036C7A9 /* DealsData.swift in Sources */,
				94F8C4452E18C8E2005A09D9 /* FlyToCartAnimationManager.swift in Sources */,
				944E8F092E1DB40C00BB97F5 /* InventoryData.swift in Sources */,
				944E8F0A2E1DB40C00BB97F5 /* SuggestionEngine.swift in Sources */,
				944E8F0B2E1DB40C00BB97F5 /* SharedListManager.swift in Sources */,
				944E8F0C2E1DB40C00BB97F5 /* PantryManager.swift in Sources */,
				944E8F0D2E1DB40C00BB97F5 /* BudgetManager.swift in Sources */,
				B0E915E82E0372460036C7AA /* CategoryFilterButton.swift in Sources */,
				94F8C44B2E18C9EA005A09D9 /* SmartSubstitutionsView.swift in Sources */,
				B0E915E92E0372460036C7AA /* ChatbotView.swift in Sources */,
				B0E915EB2E0372460036C7AA /* ChatMessage.swift in Sources */,
				B0E915ED2E0372460036C7AA /* ChatbotEngine.swift in Sources */,
				B0E915EF2E0372460036C7AA /* ChatResponseViews.swift in Sources */,
				B0E915F12E0372460036C7AA /* Recipe.swift in Sources */,
				B0E915F32E0372460036C7AA /* RecipeDatabase.swift in Sources */,
			);
			runOnlyForDeploymentPostprocessing = 0;
		};
		B0E9159F2E00AC7D0036C7A9 /* Sources */ = {
			isa = PBXSourcesBuildPhase;
			buildActionMask = 2147483647;
			files = (
				B0E915A82E00AC7D0036C7A9 /* LumoTests.swift in Sources */,
				B0E915F52E0372460036C7AA /* ChatbotTests.swift in Sources */,
			);
			runOnlyForDeploymentPostprocessing = 0;
		};
		B0E915A92E00AC7D0036C7A9 /* Sources */ = {
			isa = PBXSourcesBuildPhase;
			buildActionMask = 2147483647;
			files = (
				B0E915B22E00AC7D0036C7A9 /* LumoUITests.swift in Sources */,
				B0E915F72E0372460036C7AA /* ChatbotUITests.swift in Sources */,
				B0E915B42E00AC7D0036C7A9 /* LumoUITestsLaunchTests.swift in Sources */,
			);
			runOnlyForDeploymentPostprocessing = 0;
		};
/* End PBXSourcesBuildPhase section */

/* Begin PBXTargetDependency section */
		B0E915A52E00AC7D0036C7A9 /* PBXTargetDependency */ = {
			isa = PBXTargetDependency;
			target = B0E915912E00AC7C0036C7A9 /* Lumo */;
			targetProxy = B0E915A42E00AC7D0036C7A9 /* PBXContainerItemProxy */;
		};
		B0E915AF2E00AC7D0036C7A9 /* PBXTargetDependency */ = {
			isa = PBXTargetDependency;
			target = B0E915912E00AC7C0036C7A9 /* Lumo */;
			targetProxy = B0E915AE2E00AC7D0036C7A9 /* PBXContainerItemProxy */;
		};
/* End PBXTargetDependency section */

/* Begin XCBuildConfiguration section */
		B0E915B52E00AC7D0036C7A9 /* Debug */ = {
			isa = XCBuildConfiguration;
			buildSettings = {
				ALWAYS_SEARCH_USER_PATHS = NO;
				ASSETCATALOG_COMPILER_GENERATE_SWIFT_ASSET_SYMBOL_EXTENSIONS = YES;
				CLANG_ANALYZER_NONNULL = YES;
				CLANG_ANALYZER_NUMBER_OBJECT_CONVERSION = YES_AGGRESSIVE;
				CLANG_CXX_LANGUAGE_STANDARD = "gnu++20";
				CLANG_ENABLE_MODULES = YES;
				CLANG_ENABLE_OBJC_ARC = YES;
				CLANG_ENABLE_OBJC_WEAK = YES;
				CLANG_WARN_BLOCK_CAPTURE_AUTORELEASING = YES;
				CLANG_WARN_BOOL_CONVERSION = YES;
				CLANG_WARN_COMMA = YES;
				CLANG_WARN_CONSTANT_CONVERSION = YES;
				CLANG_WARN_DEPRECATED_OBJC_IMPLEMENTATIONS = YES;
				CLANG_WARN_DIRECT_OBJC_ISA_USAGE = YES_ERROR;
				CLANG_WARN_DOCUMENTATION_COMMENTS = YES;
				CLANG_WARN_EMPTY_BODY = YES;
				CLANG_WARN_ENUM_CONVERSION = YES;
				CLANG_WARN_INFINITE_RECURSION = YES;
				CLANG_WARN_INT_CONVERSION = YES;
				CLANG_WARN_NON_LITERAL_NULL_CONVERSION = YES;
				CLANG_WARN_OBJC_IMPLICIT_RETAIN_SELF = YES;
				CLANG_WARN_OBJC_LITERAL_CONVERSION = YES;
				CLANG_WARN_OBJC_ROOT_CLASS = YES_ERROR;
				CLANG_WARN_QUOTED_INCLUDE_IN_FRAMEWORK_HEADER = YES;
				CLANG_WARN_RANGE_LOOP_ANALYSIS = YES;
				CLANG_WARN_STRICT_PROTOTYPES = YES;
				CLANG_WARN_SUSPICIOUS_MOVE = YES;
				CLANG_WARN_UNGUARDED_AVAILABILITY = YES_AGGRESSIVE;
				CLANG_WARN_UNREACHABLE_CODE = YES;
				CLANG_WARN__DUPLICATE_METHOD_MATCH = YES;
				COPY_PHASE_STRIP = NO;
				DEBUG_INFORMATION_FORMAT = dwarf;
				ENABLE_STRICT_OBJC_MSGSEND = YES;
				ENABLE_TESTABILITY = YES;
				ENABLE_USER_SCRIPT_SANDBOXING = YES;
				GCC_C_LANGUAGE_STANDARD = gnu17;
				GCC_DYNAMIC_NO_PIC = NO;
				GCC_NO_COMMON_BLOCKS = YES;
				GCC_OPTIMIZATION_LEVEL = 0;
				GCC_PREPROCESSOR_DEFINITIONS = (
					"DEBUG=1",
					"$(inherited)",
				);
				GCC_WARN_64_TO_32_BIT_CONVERSION = YES;
				GCC_WARN_ABOUT_RETURN_TYPE = YES_ERROR;
				GCC_WARN_UNDECLARED_SELECTOR = YES;
				GCC_WARN_UNINITIALIZED_AUTOS = YES_AGGRESSIVE;
				GCC_WARN_UNUSED_FUNCTION = YES;
				GCC_WARN_UNUSED_VARIABLE = YES;
				LOCALIZATION_PREFERS_STRING_CATALOGS = YES;
				MTL_ENABLE_DEBUG_INFO = INCLUDE_SOURCE;
				MTL_FAST_MATH = YES;
				ONLY_ACTIVE_ARCH = YES;
				SWIFT_ACTIVE_COMPILATION_CONDITIONS = "DEBUG $(inherited)";
				SWIFT_OPTIMIZATION_LEVEL = "-Onone";
			};
			name = Debug;
		};
		B0E915B62E00AC7D0036C7A9 /* Release */ = {
			isa = XCBuildConfiguration;
			buildSettings = {
				ALWAYS_SEARCH_USER_PATHS = NO;
				ASSETCATALOG_COMPILER_GENERATE_SWIFT_ASSET_SYMBOL_EXTENSIONS = YES;
				CLANG_ANALYZER_NONNULL = YES;
				CLANG_ANALYZER_NUMBER_OBJECT_CONVERSION = YES_AGGRESSIVE;
				CLANG_CXX_LANGUAGE_STANDARD = "gnu++20";
				CLANG_ENABLE_MODULES = YES;
				CLANG_ENABLE_OBJC_ARC = YES;
				CLANG_ENABLE_OBJC_WEAK = YES;
				CLANG_WARN_BLOCK_CAPTURE_AUTORELEASING = YES;
				CLANG_WARN_BOOL_CONVERSION = YES;
				CLANG_WARN_COMMA = YES;
				CLANG_WARN_CONSTANT_CONVERSION = YES;
				CLANG_WARN_DEPRECATED_OBJC_IMPLEMENTATIONS = YES;
				CLANG_WARN_DIRECT_OBJC_ISA_USAGE = YES_ERROR;
				CLANG_WARN_DOCUMENTATION_COMMENTS = YES;
				CLANG_WARN_EMPTY_BODY = YES;
				CLANG_WARN_ENUM_CONVERSION = YES;
				CLANG_WARN_INFINITE_RECURSION = YES;
				CLANG_WARN_INT_CONVERSION = YES;
				CLANG_WARN_NON_LITERAL_NULL_CONVERSION = YES;
				CLANG_WARN_OBJC_IMPLICIT_RETAIN_SELF = YES;
				CLANG_WARN_OBJC_LITERAL_CONVERSION = YES;
				CLANG_WARN_OBJC_ROOT_CLASS = YES_ERROR;
				CLANG_WARN_QUOTED_INCLUDE_IN_FRAMEWORK_HEADER = YES;
				CLANG_WARN_RANGE_LOOP_ANALYSIS = YES;
				CLANG_WARN_STRICT_PROTOTYPES = YES;
				CLANG_WARN_SUSPICIOUS_MOVE = YES;
				CLANG_WARN_UNGUARDED_AVAILABILITY = YES_AGGRESSIVE;
				CLANG_WARN_UNREACHABLE_CODE = YES;
				CLANG_WARN__DUPLICATE_METHOD_MATCH = YES;
				COPY_PHASE_STRIP = NO;
				DEBUG_INFORMATION_FORMAT = "dwarf-with-dsym";
				ENABLE_NS_ASSERTIONS = NO;
				ENABLE_STRICT_OBJC_MSGSEND = YES;
				ENABLE_USER_SCRIPT_SANDBOXING = YES;
				GCC_C_LANGUAGE_STANDARD = gnu17;
				GCC_NO_COMMON_BLOCKS = YES;
				GCC_WARN_64_TO_32_BIT_CONVERSION = YES;
				GCC_WARN_ABOUT_RETURN_TYPE = YES_ERROR;
				GCC_WARN_UNDECLARED_SELECTOR = YES;
				GCC_WARN_UNINITIALIZED_AUTOS = YES_AGGRESSIVE;
				GCC_WARN_UNUSED_FUNCTION = YES;
				GCC_WARN_UNUSED_VARIABLE = YES;
				LOCALIZATION_PREFERS_STRING_CATALOGS = YES;
				MTL_ENABLE_DEBUG_INFO = NO;
				MTL_FAST_MATH = YES;
				SWIFT_COMPILATION_MODE = wholemodule;
			};
			name = Release;
		};
		B0E915B82E00AC7D0036C7A9 /* Debug */ = {
			isa = XCBuildConfiguration;
			buildSettings = {
				ASSETCATALOG_COMPILER_APPICON_NAME = AppIcon;
				ASSETCATALOG_COMPILER_GLOBAL_ACCENT_COLOR_NAME = AccentColor;
				CODE_SIGN_ENTITLEMENTS = Lumo/Lumo.entitlements;
				CODE_SIGN_STYLE = Automatic;
				CURRENT_PROJECT_VERSION = 1;
				DEVELOPMENT_ASSET_PATHS = "\"Lumo/Preview Content\"";
				DEVELOPMENT_TEAM = 788RSLT34T;
				ENABLE_HARDENED_RUNTIME = YES;
				ENABLE_PREVIEWS = YES;
				GENERATE_INFOPLIST_FILE = YES;
				"INFOPLIST_KEY_UIApplicationSceneManifest_Generation[sdk=iphoneos*]" = YES;
				"INFOPLIST_KEY_UIApplicationSceneManifest_Generation[sdk=iphonesimulator*]" = YES;
				"INFOPLIST_KEY_UIApplicationSupportsIndirectInputEvents[sdk=iphoneos*]" = YES;
				"INFOPLIST_KEY_UIApplicationSupportsIndirectInputEvents[sdk=iphonesimulator*]" = YES;
				"INFOPLIST_KEY_UILaunchScreen_Generation[sdk=iphoneos*]" = YES;
				"INFOPLIST_KEY_UILaunchScreen_Generation[sdk=iphonesimulator*]" = YES;
				"INFOPLIST_KEY_UIStatusBarStyle[sdk=iphoneos*]" = UIStatusBarStyleDefault;
				"INFOPLIST_KEY_UIStatusBarStyle[sdk=iphonesimulator*]" = UIStatusBarStyleDefault;
				INFOPLIST_KEY_UISupportedInterfaceOrientations_iPad = "UIInterfaceOrientationPortrait UIInterfaceOrientationPortraitUpsideDown UIInterfaceOrientationLandscapeLeft UIInterfaceOrientationLandscapeRight";
				INFOPLIST_KEY_UISupportedInterfaceOrientations_iPhone = "UIInterfaceOrientationPortrait UIInterfaceOrientationLandscapeLeft UIInterfaceOrientationLandscapeRight";
				IPHONEOS_DEPLOYMENT_TARGET = 17.5;
				LD_RUNPATH_SEARCH_PATHS = "@executable_path/Frameworks";
				"LD_RUNPATH_SEARCH_PATHS[sdk=macosx*]" = "@executable_path/../Frameworks";
				MACOSX_DEPLOYMENT_TARGET = 14.5;
				MARKETING_VERSION = 1.0;
				PRODUCT_BUNDLE_IDENTIFIER = Pro.Lumo;
				PRODUCT_NAME = "$(TARGET_NAME)";
				SDKROOT = auto;
				SUPPORTED_PLATFORMS = "iphoneos iphonesimulator macosx";
				SWIFT_EMIT_LOC_STRINGS = YES;
				SWIFT_VERSION = 5.0;
				TARGETED_DEVICE_FAMILY = "1,2";
			};
			name = Debug;
		};
		B0E915B92E00AC7D0036C7A9 /* Release */ = {
			isa = XCBuildConfiguration;
			buildSettings = {
				ASSETCATALOG_COMPILER_APPICON_NAME = AppIcon;
				ASSETCATALOG_COMPILER_GLOBAL_ACCENT_COLOR_NAME = AccentColor;
				CODE_SIGN_ENTITLEMENTS = Lumo/Lumo.entitlements;
				CODE_SIGN_STYLE = Automatic;
				CURRENT_PROJECT_VERSION = 1;
				DEVELOPMENT_ASSET_PATHS = "\"Lumo/Preview Content\"";
				DEVELOPMENT_TEAM = 788RSLT34T;
				ENABLE_HARDENED_RUNTIME = YES;
				ENABLE_PREVIEWS = YES;
				GENERATE_INFOPLIST_FILE = YES;
				"INFOPLIST_KEY_UIApplicationSceneManifest_Generation[sdk=iphoneos*]" = YES;
				"INFOPLIST_KEY_UIApplicationSceneManifest_Generation[sdk=iphonesimulator*]" = YES;
				"INFOPLIST_KEY_UIApplicationSupportsIndirectInputEvents[sdk=iphoneos*]" = YES;
				"INFOPLIST_KEY_UIApplicationSupportsIndirectInputEvents[sdk=iphonesimulator*]" = YES;
				"INFOPLIST_KEY_UILaunchScreen_Generation[sdk=iphoneos*]" = YES;
				"INFOPLIST_KEY_UILaunchScreen_Generation[sdk=iphonesimulator*]" = YES;
				"INFOPLIST_KEY_UIStatusBarStyle[sdk=iphoneos*]" = UIStatusBarStyleDefault;
				"INFOPLIST_KEY_UIStatusBarStyle[sdk=iphonesimulator*]" = UIStatusBarStyleDefault;
				INFOPLIST_KEY_UISupportedInterfaceOrientations_iPad = "UIInterfaceOrientationPortrait UIInterfaceOrientationPortraitUpsideDown UIInterfaceOrientationLandscapeLeft UIInterfaceOrientationLandscapeRight";
				INFOPLIST_KEY_UISupportedInterfaceOrientations_iPhone = "UIInterfaceOrientationPortrait UIInterfaceOrientationLandscapeLeft UIInterfaceOrientationLandscapeRight";
				IPHONEOS_DEPLOYMENT_TARGET = 17.5;
				LD_RUNPATH_SEARCH_PATHS = "@executable_path/Frameworks";
				"LD_RUNPATH_SEARCH_PATHS[sdk=macosx*]" = "@executable_path/../Frameworks";
				MACOSX_DEPLOYMENT_TARGET = 14.5;
				MARKETING_VERSION = 1.0;
				PRODUCT_BUNDLE_IDENTIFIER = Pro.Lumo;
				PRODUCT_NAME = "$(TARGET_NAME)";
				SDKROOT = auto;
				SUPPORTED_PLATFORMS = "iphoneos iphonesimulator macosx";
				SWIFT_EMIT_LOC_STRINGS = YES;
				SWIFT_VERSION = 5.0;
				TARGETED_DEVICE_FAMILY = "1,2";
			};
			name = Release;
		};
		B0E915BB2E00AC7D0036C7A9 /* Debug */ = {
			isa = XCBuildConfiguration;
			buildSettings = {
				ALWAYS_EMBED_SWIFT_STANDARD_LIBRARIES = YES;
				BUNDLE_LOADER = "$(TEST_HOST)";
				CODE_SIGN_STYLE = Automatic;
				CURRENT_PROJECT_VERSION = 1;
				DEVELOPMENT_TEAM = 788RSLT34T;
				GENERATE_INFOPLIST_FILE = YES;
				IPHONEOS_DEPLOYMENT_TARGET = 17.5;
				MACOSX_DEPLOYMENT_TARGET = 14.5;
				MARKETING_VERSION = 1.0;
				PRODUCT_BUNDLE_IDENTIFIER = Pro.LumoTests;
				PRODUCT_NAME = "$(TARGET_NAME)";
				SDKROOT = auto;
				SUPPORTED_PLATFORMS = "iphoneos iphonesimulator macosx";
				SWIFT_EMIT_LOC_STRINGS = NO;
				SWIFT_VERSION = 5.0;
				TARGETED_DEVICE_FAMILY = "1,2";
				TEST_HOST = "$(BUILT_PRODUCTS_DIR)/Lumo.app/$(BUNDLE_EXECUTABLE_FOLDER_PATH)/Lumo";
			};
			name = Debug;
		};
		B0E915BC2E00AC7D0036C7A9 /* Release */ = {
			isa = XCBuildConfiguration;
			buildSettings = {
				ALWAYS_EMBED_SWIFT_STANDARD_LIBRARIES = YES;
				BUNDLE_LOADER = "$(TEST_HOST)";
				CODE_SIGN_STYLE = Automatic;
				CURRENT_PROJECT_VERSION = 1;
				DEVELOPMENT_TEAM = 788RSLT34T;
				GENERATE_INFOPLIST_FILE = YES;
				IPHONEOS_DEPLOYMENT_TARGET = 17.5;
				MACOSX_DEPLOYMENT_TARGET = 14.5;
				MARKETING_VERSION = 1.0;
				PRODUCT_BUNDLE_IDENTIFIER = Pro.LumoTests;
				PRODUCT_NAME = "$(TARGET_NAME)";
				SDKROOT = auto;
				SUPPORTED_PLATFORMS = "iphoneos iphonesimulator macosx";
				SWIFT_EMIT_LOC_STRINGS = NO;
				SWIFT_VERSION = 5.0;
				TARGETED_DEVICE_FAMILY = "1,2";
				TEST_HOST = "$(BUILT_PRODUCTS_DIR)/Lumo.app/$(BUNDLE_EXECUTABLE_FOLDER_PATH)/Lumo";
			};
			name = Release;
		};
		B0E915BE2E00AC7D0036C7A9 /* Debug */ = {
			isa = XCBuildConfiguration;
			buildSettings = {
				ALWAYS_EMBED_SWIFT_STANDARD_LIBRARIES = YES;
				CODE_SIGN_STYLE = Automatic;
				CURRENT_PROJECT_VERSION = 1;
				DEVELOPMENT_TEAM = 788RSLT34T;
				GENERATE_INFOPLIST_FILE = YES;
				IPHONEOS_DEPLOYMENT_TARGET = 17.5;
				MACOSX_DEPLOYMENT_TARGET = 14.5;
				MARKETING_VERSION = 1.0;
				PRODUCT_BUNDLE_IDENTIFIER = Pro.LumoUITests;
				PRODUCT_NAME = "$(TARGET_NAME)";
				SDKROOT = auto;
				SUPPORTED_PLATFORMS = "iphoneos iphonesimulator macosx";
				SWIFT_EMIT_LOC_STRINGS = NO;
				SWIFT_VERSION = 5.0;
				TARGETED_DEVICE_FAMILY = "1,2";
				TEST_TARGET_NAME = Lumo;
			};
			name = Debug;
		};
		B0E915BF2E00AC7D0036C7A9 /* Release */ = {
			isa = XCBuildConfiguration;
			buildSettings = {
				ALWAYS_EMBED_SWIFT_STANDARD_LIBRARIES = YES;
				CODE_SIGN_STYLE = Automatic;
				CURRENT_PROJECT_VERSION = 1;
				DEVELOPMENT_TEAM = 788RSLT34T;
				GENERATE_INFOPLIST_FILE = YES;
				IPHONEOS_DEPLOYMENT_TARGET = 17.5;
				MACOSX_DEPLOYMENT_TARGET = 14.5;
				MARKETING_VERSION = 1.0;
				PRODUCT_BUNDLE_IDENTIFIER = Pro.LumoUITests;
				PRODUCT_NAME = "$(TARGET_NAME)";
				SDKROOT = auto;
				SUPPORTED_PLATFORMS = "iphoneos iphonesimulator macosx";
				SWIFT_EMIT_LOC_STRINGS = NO;
				SWIFT_VERSION = 5.0;
				TARGETED_DEVICE_FAMILY = "1,2";
				TEST_TARGET_NAME = Lumo;
			};
			name = Release;
		};
/* End XCBuildConfiguration section */

/* Begin XCConfigurationList section */
		B0E9158D2E00AC7C0036C7A9 /* Build configuration list for PBXProject "Lumo" */ = {
			isa = XCConfigurationList;
			buildConfigurations = (
				B0E915B52E00AC7D0036C7A9 /* Debug */,
				B0E915B62E00AC7D0036C7A9 /* Release */,
			);
			defaultConfigurationIsVisible = 0;
			defaultConfigurationName = Release;
		};
		B0E915B72E00AC7D0036C7A9 /* Build configuration list for PBXNativeTarget "Lumo" */ = {
			isa = XCConfigurationList;
			buildConfigurations = (
				B0E915B82E00AC7D0036C7A9 /* Debug */,
				B0E915B92E00AC7D0036C7A9 /* Release */,
			);
			defaultConfigurationIsVisible = 0;
			defaultConfigurationName = Release;
		};
		B0E915BA2E00AC7D0036C7A9 /* Build configuration list for PBXNativeTarget "LumoTests" */ = {
			isa = XCConfigurationList;
			buildConfigurations = (
				B0E915BB2E00AC7D0036C7A9 /* Debug */,
				B0E915BC2E00AC7D0036C7A9 /* Release */,
			);
			defaultConfigurationIsVisible = 0;
			defaultConfigurationName = Release;
		};
		B0E915BD2E00AC7D0036C7A9 /* Build configuration list for PBXNativeTarget "LumoUITests" */ = {
			isa = XCConfigurationList;
			buildConfigurations = (
				B0E915BE2E00AC7D0036C7A9 /* Debug */,
				B0E915BF2E00AC7D0036C7A9 /* Release */,
			);
			defaultConfigurationIsVisible = 0;
			defaultConfigurationName = Release;
		};
/* End XCConfigurationList section */
	};
	rootObject = B0E9158A2E00AC7C0036C7A9 /* Project object */;
}
